{
  "nodes": {
    "home-manager": {
      "inputs": {
        "nixpkgs": [
          "nixpkgs"
        ]
      },
      "locked": {
        "lastModified": 1767024057,
        "narHash": "sha256-B1aycRjMRvb6QOGbnqDhiDzZwMebj5jxZ5qyJzaKvpI=",
        "owner": "nix-community",
        "repo": "home-manager",
        "rev": "34578a2fdfce4257ce5f5baf6e7efbd4e4e252b1",
        "type": "github"
      },
      "original": {
        "owner": "nix-community",
        "ref": "release-25.11",
        "repo": "home-manager",
        "type": "github"
      }
    },
    "nextNixpkgs": {
      "locked": {
        "lastModified": 1767856126,
        "narHash": "sha256-UG2rnhbB1RILbrvNUyosda7SpUULRtTUBakuXpX5FuI=",
        "owner": "NixOS",
        "repo": "nixpkgs",
        "rev": "d1c2cd5033acedf3f29affd8d44e288107e95238",
        "type": "github"
      },
      "original": {
        "owner": "NixOS",
        "repo": "nixpkgs",
        "rev": "d1c2cd5033acedf3f29affd8d44e288107e95238",
        "type": "github"
      }
    },
    "nextNixpkgsClaude": {
      "locked": {
        "lastModified": 1770323838,
        "narHash": "sha256-SNx4u67iMaX4XouWu+wu14kE6fgPQOsMIU9Z0shmO+A=",
        "owner": "NixOS",
        "repo": "nixpkgs",
        "rev": "f4a9cd4f7cfa0ada33acab7d17eb3a6af3f6ba3b",
        "type": "github"
      },
      "original": {
        "owner": "NixOS",
        "repo": "nixpkgs",
        "rev": "f4a9cd4f7cfa0ada33acab7d17eb3a6af3f6ba3b",
        "type": "github"
      }
    },
    "nextNixpkgsDevenv": {
      "locked": {
        "lastModified": 1761656231,
        "narHash": "sha256-EiED5k6gXTWoAIS8yQqi5mAX6ojnzpHwAQTS3ykeYMg=",
        "owner": "NixOS",
        "repo": "nixpkgs",
        "rev": "e99366c665bdd53b7b500ccdc5226675cfc51f45",
        "type": "github"
      },
      "original": {
        "owner": "NixOS",
        "repo": "nixpkgs",
        "rev": "e99366c665bdd53b7b500ccdc5226675cfc51f45",
        "type": "github"
      }
    },
    "nix-darwin": {
      "inputs": {
        "nixpkgs": [
          "nixpkgs"
        ]
      },
      "locked": {
        "lastModified": 1767185677,
        "narHash": "sha256-0g2k2x4pns3SqHC9xqPnMHbimGOb35wIHKixQgGuULM=",
        "owner": "martinjlowm",
        "repo": "nix-darwin",
        "rev": "a285cce5c2e1a52c3c3d99daebd6dcb2bce288eb",
        "type": "github"
      },
      "original": {
        "owner": "martinjlowm",
        "ref": "nix-darwin-25.11",
        "repo": "nix-darwin",
        "type": "github"
      }
    },
    "nixpkgs": {
      "locked": {
        "lastModified": 1766885793,
        "narHash": "sha256-P6RVkrM9JLCW6xBjSwHfgTOQ1JwBUma5xe5LI8xAPC0=",
        "owner": "NixOS",
        "repo": "nixpkgs",
        "rev": "9ef261221d1e72399f2036786498d78c38185c46",
        "type": "github"
      },
      "original": {
        "owner": "NixOS",
        "ref": "nixos-25.11",
        "repo": "nixpkgs",
        "type": "github"
      }
    },
    "root": {
      "inputs": {
        "home-manager": "home-manager",
        "nextNixpkgs": "nextNixpkgs",
        "nextNixpkgsClaude": "nextNixpkgsClaude",
        "nextNixpkgsDevenv": "nextNixpkgsDevenv",
        "nix-darwin": "nix-darwin",
        "nixpkgs": "nixpkgs"
      }
    }
  },
  "root": "root",
  "version": 7
}
